{
  "version": 4,
  "terraform_version": "0.14.4",
  "serial": 813,
  "lineage": "655214d6-617e-99eb-2efc-0a787c23bc9e",
  "outputs": {},
  "resources": [
    {
      "mode": "data",
      "type": "azurerm_image",
      "name": "image",
      "provider": "provider[\"registry.terraform.io/hashicorp/azurerm\"]",
      "instances": [
        {
          "schema_version": 0,
          "attributes": {
            "data_disk": [],
            "id": "/subscriptions/18de2cd0-94b8-49a0-b6fd-630d3765a8ee/resourceGroups/uda1/providers/Microsoft.Compute/images/PackerImage",
            "location": "eastus",
            "name": "PackerImage",
            "name_regex": null,
            "os_disk": [
              {
                "blob_uri": "",
                "caching": "ReadWrite",
                "managed_disk_id": "/subscriptions/18de2cd0-94b8-49a0-b6fd-630d3765a8ee/resourceGroups/pkr-Resource-Group-t38xx6j2c5/providers/Microsoft.Compute/disks/pkrost38xx6j2c5",
                "os_state": "Generalized",
                "os_type": "Linux",
                "size_gb": 30
              }
            ],
            "resource_group_name": "uda1",
            "sort_descending": false,
            "tags": {
              "label": "DevOps"
            },
            "timeouts": null,
            "zone_resilient": false
          },
          "sensitive_attributes": []
        }
      ]
    },
    {
      "mode": "data",
      "type": "azurerm_resource_group",
      "name": "image",
      "provider": "provider[\"registry.terraform.io/hashicorp/azurerm\"]",
      "instances": [
        {
          "schema_version": 0,
          "attributes": {
            "id": "/subscriptions/18de2cd0-94b8-49a0-b6fd-630d3765a8ee/resourceGroups/uda1",
            "location": "eastus",
            "name": "uda1",
            "tags": {
              "label": "udacity"
            },
            "timeouts": null
          },
          "sensitive_attributes": []
        }
      ]
    },
    {
      "mode": "managed",
      "type": "azurerm_availability_set",
      "name": "uda_avaset",
      "provider": "provider[\"registry.terraform.io/hashicorp/azurerm\"]",
      "instances": [
        {
          "schema_version": 0,
          "attributes": {
            "id": "/subscriptions/18de2cd0-94b8-49a0-b6fd-630d3765a8ee/resourceGroups/RG-2021-01-18/providers/Microsoft.Compute/availabilitySets/avset-2021-01-18",
            "location": "eastus",
            "managed": true,
            "name": "avset-2021-01-18",
            "platform_fault_domain_count": 2,
            "platform_update_domain_count": 2,
            "proximity_placement_group_id": null,
            "resource_group_name": "RG-2021-01-18",
            "tags": {
              "label": "Terraform Demo-2021-01-18"
            },
            "timeouts": null
          },
          "sensitive_attributes": [],
          "private": "eyJlMmJmYjczMC1lY2FhLTExZTYtOGY4OC0zNDM2M2JjN2M0YzAiOnsiY3JlYXRlIjoxODAwMDAwMDAwMDAwLCJkZWxldGUiOjE4MDAwMDAwMDAwMDAsInJlYWQiOjMwMDAwMDAwMDAwMCwidXBkYXRlIjoxODAwMDAwMDAwMDAwfX0=",
          "dependencies": [
            "azurerm_resource_group.uda_group"
          ]
        }
      ]
    },
    {
      "mode": "managed",
      "type": "azurerm_lb",
      "name": "uda_lb",
      "provider": "provider[\"registry.terraform.io/hashicorp/azurerm\"]",
      "instances": [
        {
          "schema_version": 0,
          "attributes": {
            "frontend_ip_configuration": [
              {
                "id": "/subscriptions/18de2cd0-94b8-49a0-b6fd-630d3765a8ee/resourceGroups/RG-2021-01-18/providers/Microsoft.Network/loadBalancers/loadBalancer-2021-01-18/frontendIPConfigurations/publicIPAddress",
                "inbound_nat_rules": [],
                "load_balancer_rules": [],
                "name": "publicIPAddress",
                "outbound_rules": [],
                "private_ip_address": "",
                "private_ip_address_allocation": "Dynamic",
                "private_ip_address_version": "IPv4",
                "public_ip_address_id": "/subscriptions/18de2cd0-94b8-49a0-b6fd-630d3765a8ee/resourceGroups/RG-2021-01-18/providers/Microsoft.Network/publicIPAddresses/publicIPforLB-2021-01-18",
                "public_ip_prefix_id": "",
                "subnet_id": "",
                "zones": null
              }
            ],
            "id": "/subscriptions/18de2cd0-94b8-49a0-b6fd-630d3765a8ee/resourceGroups/RG-2021-01-18/providers/Microsoft.Network/loadBalancers/loadBalancer-2021-01-18",
            "location": "eastus",
            "name": "loadBalancer-2021-01-18",
            "private_ip_address": "",
            "private_ip_addresses": [],
            "resource_group_name": "RG-2021-01-18",
            "sku": "Basic",
            "tags": {
              "label": "Terraform Demo-2021-01-18"
            },
            "timeouts": null
          },
          "sensitive_attributes": [],
          "private": "eyJlMmJmYjczMC1lY2FhLTExZTYtOGY4OC0zNDM2M2JjN2M0YzAiOnsiY3JlYXRlIjoxODAwMDAwMDAwMDAwLCJkZWxldGUiOjE4MDAwMDAwMDAwMDAsInJlYWQiOjMwMDAwMDAwMDAwMCwidXBkYXRlIjoxODAwMDAwMDAwMDAwfX0=",
          "dependencies": [
            "azurerm_public_ip.uda_publicip",
            "azurerm_resource_group.uda_group"
          ]
        }
      ]
    },
    {
      "mode": "managed",
      "type": "azurerm_lb_backend_address_pool",
      "name": "main",
      "provider": "provider[\"registry.terraform.io/hashicorp/azurerm\"]",
      "instances": [
        {
          "schema_version": 0,
          "attributes": {
            "backend_ip_configurations": [],
            "id": "/subscriptions/18de2cd0-94b8-49a0-b6fd-630d3765a8ee/resourceGroups/RG-2021-01-18/providers/Microsoft.Network/loadBalancers/loadBalancer-2021-01-18/backendAddressPools/BackEndAddressPool",
            "load_balancing_rules": [],
            "loadbalancer_id": "/subscriptions/18de2cd0-94b8-49a0-b6fd-630d3765a8ee/resourceGroups/RG-2021-01-18/providers/Microsoft.Network/loadBalancers/loadBalancer-2021-01-18",
            "name": "BackEndAddressPool",
            "resource_group_name": "RG-2021-01-18",
            "timeouts": null
          },
          "sensitive_attributes": [],
          "private": "eyJlMmJmYjczMC1lY2FhLTExZTYtOGY4OC0zNDM2M2JjN2M0YzAiOnsiY3JlYXRlIjoxODAwMDAwMDAwMDAwLCJkZWxldGUiOjE4MDAwMDAwMDAwMDAsInJlYWQiOjMwMDAwMDAwMDAwMCwidXBkYXRlIjoxODAwMDAwMDAwMDAwfX0=",
          "dependencies": [
            "azurerm_lb.uda_lb",
            "azurerm_public_ip.uda_publicip",
            "azurerm_resource_group.uda_group"
          ]
        }
      ]
    },
    {
      "mode": "managed",
      "type": "azurerm_lb_probe",
      "name": "main",
      "provider": "provider[\"registry.terraform.io/hashicorp/azurerm\"]",
      "instances": [
        {
          "schema_version": 0,
          "attributes": {
            "id": "/subscriptions/18de2cd0-94b8-49a0-b6fd-630d3765a8ee/resourceGroups/RG-2021-01-18/providers/Microsoft.Network/loadBalancers/loadBalancer-2021-01-18/probes/http-probe-2021-01-18",
            "interval_in_seconds": 15,
            "load_balancer_rules": [],
            "loadbalancer_id": "/subscriptions/18de2cd0-94b8-49a0-b6fd-630d3765a8ee/resourceGroups/RG-2021-01-18/providers/Microsoft.Network/loadBalancers/loadBalancer-2021-01-18",
            "name": "http-probe-2021-01-18",
            "number_of_probes": 2,
            "port": 80,
            "protocol": "Tcp",
            "request_path": "",
            "resource_group_name": "RG-2021-01-18",
            "timeouts": null
          },
          "sensitive_attributes": [],
          "private": "eyJlMmJmYjczMC1lY2FhLTExZTYtOGY4OC0zNDM2M2JjN2M0YzAiOnsiY3JlYXRlIjoxODAwMDAwMDAwMDAwLCJkZWxldGUiOjE4MDAwMDAwMDAwMDAsInJlYWQiOjMwMDAwMDAwMDAwMCwidXBkYXRlIjoxODAwMDAwMDAwMDAwfX0=",
          "dependencies": [
            "azurerm_lb.uda_lb",
            "azurerm_public_ip.uda_publicip",
            "azurerm_resource_group.uda_group"
          ]
        }
      ]
    },
    {
      "mode": "managed",
      "type": "azurerm_lb_rule",
      "name": "main",
      "provider": "provider[\"registry.terraform.io/hashicorp/azurerm\"]",
      "instances": [
        {
          "schema_version": 0,
          "attributes": {
            "backend_address_pool_id": "/subscriptions/18de2cd0-94b8-49a0-b6fd-630d3765a8ee/resourceGroups/RG-2021-01-18/providers/Microsoft.Network/loadBalancers/loadBalancer-2021-01-18/backendAddressPools/BackEndAddressPool",
            "backend_port": 80,
            "disable_outbound_snat": false,
            "enable_floating_ip": false,
            "enable_tcp_reset": false,
            "frontend_ip_configuration_id": "/subscriptions/18de2cd0-94b8-49a0-b6fd-630d3765a8ee/resourceGroups/RG-2021-01-18/providers/Microsoft.Network/loadBalancers/loadBalancer-2021-01-18/frontendIPConfigurations/publicIPAddress",
            "frontend_ip_configuration_name": "publicIPAddress",
            "frontend_port": 80,
            "id": "/subscriptions/18de2cd0-94b8-49a0-b6fd-630d3765a8ee/resourceGroups/RG-2021-01-18/providers/Microsoft.Network/loadBalancers/loadBalancer-2021-01-18/loadBalancingRules/lbRule-2021-01-18",
            "idle_timeout_in_minutes": 4,
            "load_distribution": "Default",
            "loadbalancer_id": "/subscriptions/18de2cd0-94b8-49a0-b6fd-630d3765a8ee/resourceGroups/RG-2021-01-18/providers/Microsoft.Network/loadBalancers/loadBalancer-2021-01-18",
            "name": "lbRule-2021-01-18",
            "probe_id": "/subscriptions/18de2cd0-94b8-49a0-b6fd-630d3765a8ee/resourceGroups/RG-2021-01-18/providers/Microsoft.Network/loadBalancers/loadBalancer-2021-01-18/probes/http-probe-2021-01-18",
            "protocol": "Tcp",
            "resource_group_name": "RG-2021-01-18",
            "timeouts": null
          },
          "sensitive_attributes": [],
          "private": "eyJlMmJmYjczMC1lY2FhLTExZTYtOGY4OC0zNDM2M2JjN2M0YzAiOnsiY3JlYXRlIjoxODAwMDAwMDAwMDAwLCJkZWxldGUiOjE4MDAwMDAwMDAwMDAsInJlYWQiOjMwMDAwMDAwMDAwMCwidXBkYXRlIjoxODAwMDAwMDAwMDAwfX0=",
          "dependencies": [
            "azurerm_lb.uda_lb",
            "azurerm_lb_backend_address_pool.main",
            "azurerm_lb_probe.main",
            "azurerm_public_ip.uda_publicip",
            "azurerm_resource_group.uda_group"
          ]
        }
      ]
    },
    {
      "mode": "managed",
      "type": "azurerm_managed_disk",
      "name": "uda_disk",
      "provider": "provider[\"registry.terraform.io/hashicorp/azurerm\"]",
      "instances": [
        {
          "index_key": 0,
          "schema_version": 0,
          "attributes": {
            "create_option": "Empty",
            "disk_encryption_set_id": "",
            "disk_iops_read_write": 500,
            "disk_mbps_read_write": 60,
            "disk_size_gb": 1,
            "encryption_settings": [],
            "id": "/subscriptions/18de2cd0-94b8-49a0-b6fd-630d3765a8ee/resourceGroups/RG-2021-01-18/providers/Microsoft.Compute/disks/datadisk_existing-2021-01-18-0",
            "image_reference_id": "",
            "location": "eastus",
            "name": "datadisk_existing-2021-01-18-0",
            "os_type": "",
            "resource_group_name": "RG-2021-01-18",
            "source_resource_id": "",
            "source_uri": "",
            "storage_account_id": "",
            "storage_account_type": "Standard_LRS",
            "tags": {
              "label": "Terraform Demo-2021-01-18"
            },
            "timeouts": null,
            "zones": null
          },
          "sensitive_attributes": [],
          "private": "eyJlMmJmYjczMC1lY2FhLTExZTYtOGY4OC0zNDM2M2JjN2M0YzAiOnsiY3JlYXRlIjoxODAwMDAwMDAwMDAwLCJkZWxldGUiOjE4MDAwMDAwMDAwMDAsInJlYWQiOjMwMDAwMDAwMDAwMCwidXBkYXRlIjoxODAwMDAwMDAwMDAwfX0=",
          "dependencies": [
            "azurerm_resource_group.uda_group"
          ]
        },
        {
          "index_key": 1,
          "schema_version": 0,
          "attributes": {
            "create_option": "Empty",
            "disk_encryption_set_id": "",
            "disk_iops_read_write": 500,
            "disk_mbps_read_write": 60,
            "disk_size_gb": 1,
            "encryption_settings": [],
            "id": "/subscriptions/18de2cd0-94b8-49a0-b6fd-630d3765a8ee/resourceGroups/RG-2021-01-18/providers/Microsoft.Compute/disks/datadisk_existing-2021-01-18-1",
            "image_reference_id": "",
            "location": "eastus",
            "name": "datadisk_existing-2021-01-18-1",
            "os_type": "",
            "resource_group_name": "RG-2021-01-18",
            "source_resource_id": "",
            "source_uri": "",
            "storage_account_id": "",
            "storage_account_type": "Standard_LRS",
            "tags": {
              "label": "Terraform Demo-2021-01-18"
            },
            "timeouts": null,
            "zones": null
          },
          "sensitive_attributes": [],
          "private": "eyJlMmJmYjczMC1lY2FhLTExZTYtOGY4OC0zNDM2M2JjN2M0YzAiOnsiY3JlYXRlIjoxODAwMDAwMDAwMDAwLCJkZWxldGUiOjE4MDAwMDAwMDAwMDAsInJlYWQiOjMwMDAwMDAwMDAwMCwidXBkYXRlIjoxODAwMDAwMDAwMDAwfX0=",
          "dependencies": [
            "azurerm_resource_group.uda_group"
          ]
        }
      ]
    },
    {
      "mode": "managed",
      "type": "azurerm_network_interface",
      "name": "uda_netIF",
      "provider": "provider[\"registry.terraform.io/hashicorp/azurerm\"]",
      "instances": [
        {
          "index_key": 0,
          "schema_version": 0,
          "attributes": {
            "applied_dns_servers": [],
            "dns_servers": [],
            "enable_accelerated_networking": false,
            "enable_ip_forwarding": false,
            "id": "/subscriptions/18de2cd0-94b8-49a0-b6fd-630d3765a8ee/resourceGroups/RG-2021-01-18/providers/Microsoft.Network/networkInterfaces/myNIC-2021-01-18-0",
            "internal_dns_name_label": "",
            "internal_domain_name_suffix": "lt3tcdl5c0ievbboh1xnso4rbc.bx.internal.cloudapp.net",
            "ip_configuration": [
              {
                "name": "2021-01-18-ipconfig",
                "primary": true,
                "private_ip_address": "10.0.0.5",
                "private_ip_address_allocation": "Dynamic",
                "private_ip_address_version": "IPv4",
                "public_ip_address_id": "",
                "subnet_id": "/subscriptions/18de2cd0-94b8-49a0-b6fd-630d3765a8ee/resourceGroups/RG-2021-01-18/providers/Microsoft.Network/virtualNetworks/vnet-2021-01-18/subnets/subnet-2021-01-18"
              }
            ],
            "location": "eastus",
            "mac_address": "",
            "name": "myNIC-2021-01-18-0",
            "private_ip_address": "10.0.0.5",
            "private_ip_addresses": [
              "10.0.0.5"
            ],
            "resource_group_name": "RG-2021-01-18",
            "tags": {
              "label": "Terraform Demo-2021-01-18"
            },
            "timeouts": null,
            "virtual_machine_id": ""
          },
          "sensitive_attributes": [],
          "private": "eyJlMmJmYjczMC1lY2FhLTExZTYtOGY4OC0zNDM2M2JjN2M0YzAiOnsiY3JlYXRlIjoxODAwMDAwMDAwMDAwLCJkZWxldGUiOjE4MDAwMDAwMDAwMDAsInJlYWQiOjMwMDAwMDAwMDAwMCwidXBkYXRlIjoxODAwMDAwMDAwMDAwfX0=",
          "dependencies": [
            "azurerm_resource_group.uda_group",
            "azurerm_subnet.uda_subnet",
            "azurerm_virtual_network.uda_network"
          ]
        },
        {
          "index_key": 1,
          "schema_version": 0,
          "attributes": {
            "applied_dns_servers": [],
            "dns_servers": [],
            "enable_accelerated_networking": false,
            "enable_ip_forwarding": false,
            "id": "/subscriptions/18de2cd0-94b8-49a0-b6fd-630d3765a8ee/resourceGroups/RG-2021-01-18/providers/Microsoft.Network/networkInterfaces/myNIC-2021-01-18-1",
            "internal_dns_name_label": "",
            "internal_domain_name_suffix": "lt3tcdl5c0ievbboh1xnso4rbc.bx.internal.cloudapp.net",
            "ip_configuration": [
              {
                "name": "2021-01-18-ipconfig",
                "primary": true,
                "private_ip_address": "10.0.0.4",
                "private_ip_address_allocation": "Dynamic",
                "private_ip_address_version": "IPv4",
                "public_ip_address_id": "",
                "subnet_id": "/subscriptions/18de2cd0-94b8-49a0-b6fd-630d3765a8ee/resourceGroups/RG-2021-01-18/providers/Microsoft.Network/virtualNetworks/vnet-2021-01-18/subnets/subnet-2021-01-18"
              }
            ],
            "location": "eastus",
            "mac_address": "",
            "name": "myNIC-2021-01-18-1",
            "private_ip_address": "10.0.0.4",
            "private_ip_addresses": [
              "10.0.0.4"
            ],
            "resource_group_name": "RG-2021-01-18",
            "tags": {
              "label": "Terraform Demo-2021-01-18"
            },
            "timeouts": null,
            "virtual_machine_id": ""
          },
          "sensitive_attributes": [],
          "private": "eyJlMmJmYjczMC1lY2FhLTExZTYtOGY4OC0zNDM2M2JjN2M0YzAiOnsiY3JlYXRlIjoxODAwMDAwMDAwMDAwLCJkZWxldGUiOjE4MDAwMDAwMDAwMDAsInJlYWQiOjMwMDAwMDAwMDAwMCwidXBkYXRlIjoxODAwMDAwMDAwMDAwfX0=",
          "dependencies": [
            "azurerm_resource_group.uda_group",
            "azurerm_subnet.uda_subnet",
            "azurerm_virtual_network.uda_network"
          ]
        }
      ]
    },
    {
      "mode": "managed",
      "type": "azurerm_network_interface_backend_address_pool_association",
      "name": "main",
      "provider": "provider[\"registry.terraform.io/hashicorp/azurerm\"]",
      "instances": [
        {
          "index_key": 0,
          "schema_version": 0,
          "attributes": {
            "backend_address_pool_id": "/subscriptions/18de2cd0-94b8-49a0-b6fd-630d3765a8ee/resourceGroups/RG-2021-01-18/providers/Microsoft.Network/loadBalancers/loadBalancer-2021-01-18/backendAddressPools/BackEndAddressPool",
            "id": "/subscriptions/18de2cd0-94b8-49a0-b6fd-630d3765a8ee/resourceGroups/RG-2021-01-18/providers/Microsoft.Network/networkInterfaces/myNIC-2021-01-18-0/ipConfigurations/2021-01-18-ipconfig|/subscriptions/18de2cd0-94b8-49a0-b6fd-630d3765a8ee/resourceGroups/RG-2021-01-18/providers/Microsoft.Network/loadBalancers/loadBalancer-2021-01-18/backendAddressPools/BackEndAddressPool",
            "ip_configuration_name": "2021-01-18-ipconfig",
            "network_interface_id": "/subscriptions/18de2cd0-94b8-49a0-b6fd-630d3765a8ee/resourceGroups/RG-2021-01-18/providers/Microsoft.Network/networkInterfaces/myNIC-2021-01-18-0",
            "timeouts": null
          },
          "sensitive_attributes": [],
          "private": "eyJlMmJmYjczMC1lY2FhLTExZTYtOGY4OC0zNDM2M2JjN2M0YzAiOnsiY3JlYXRlIjoxODAwMDAwMDAwMDAwLCJkZWxldGUiOjE4MDAwMDAwMDAwMDAsInJlYWQiOjMwMDAwMDAwMDAwMCwidXBkYXRlIjoxODAwMDAwMDAwMDAwfX0=",
          "dependencies": [
            "azurerm_lb.uda_lb",
            "azurerm_lb_backend_address_pool.main",
            "azurerm_network_interface.uda_netIF",
            "azurerm_public_ip.uda_publicip",
            "azurerm_resource_group.uda_group",
            "azurerm_subnet.uda_subnet",
            "azurerm_virtual_network.uda_network"
          ]
        },
        {
          "index_key": 1,
          "schema_version": 0,
          "attributes": {
            "backend_address_pool_id": "/subscriptions/18de2cd0-94b8-49a0-b6fd-630d3765a8ee/resourceGroups/RG-2021-01-18/providers/Microsoft.Network/loadBalancers/loadBalancer-2021-01-18/backendAddressPools/BackEndAddressPool",
            "id": "/subscriptions/18de2cd0-94b8-49a0-b6fd-630d3765a8ee/resourceGroups/RG-2021-01-18/providers/Microsoft.Network/networkInterfaces/myNIC-2021-01-18-1/ipConfigurations/2021-01-18-ipconfig|/subscriptions/18de2cd0-94b8-49a0-b6fd-630d3765a8ee/resourceGroups/RG-2021-01-18/providers/Microsoft.Network/loadBalancers/loadBalancer-2021-01-18/backendAddressPools/BackEndAddressPool",
            "ip_configuration_name": "2021-01-18-ipconfig",
            "network_interface_id": "/subscriptions/18de2cd0-94b8-49a0-b6fd-630d3765a8ee/resourceGroups/RG-2021-01-18/providers/Microsoft.Network/networkInterfaces/myNIC-2021-01-18-1",
            "timeouts": null
          },
          "sensitive_attributes": [],
          "private": "eyJlMmJmYjczMC1lY2FhLTExZTYtOGY4OC0zNDM2M2JjN2M0YzAiOnsiY3JlYXRlIjoxODAwMDAwMDAwMDAwLCJkZWxldGUiOjE4MDAwMDAwMDAwMDAsInJlYWQiOjMwMDAwMDAwMDAwMCwidXBkYXRlIjoxODAwMDAwMDAwMDAwfX0=",
          "dependencies": [
            "azurerm_lb.uda_lb",
            "azurerm_lb_backend_address_pool.main",
            "azurerm_network_interface.uda_netIF",
            "azurerm_public_ip.uda_publicip",
            "azurerm_resource_group.uda_group",
            "azurerm_subnet.uda_subnet",
            "azurerm_virtual_network.uda_network"
          ]
        }
      ]
    },
    {
      "mode": "managed",
      "type": "azurerm_network_security_group",
      "name": "uda_sg",
      "provider": "provider[\"registry.terraform.io/hashicorp/azurerm\"]",
      "instances": [
        {
          "schema_version": 0,
          "attributes": {
            "id": "/subscriptions/18de2cd0-94b8-49a0-b6fd-630d3765a8ee/resourceGroups/RG-2021-01-18/providers/Microsoft.Network/networkSecurityGroups/SG-2021-01-18",
            "location": "eastus",
            "name": "SG-2021-01-18",
            "resource_group_name": "RG-2021-01-18",
            "security_rule": [
              {
                "access": "Allow",
                "description": "",
                "destination_address_prefix": "*",
                "destination_address_prefixes": [],
                "destination_application_security_group_ids": [],
                "destination_port_range": "80",
                "destination_port_ranges": [],
                "direction": "Inbound",
                "name": "allow-80",
                "priority": 100,
                "protocol": "TCP",
                "source_address_prefix": "*",
                "source_address_prefixes": [],
                "source_application_security_group_ids": [],
                "source_port_range": "*",
                "source_port_ranges": []
              },
              {
                "access": "Deny",
                "description": "",
                "destination_address_prefix": "*",
                "destination_address_prefixes": [],
                "destination_application_security_group_ids": [],
                "destination_port_range": "*",
                "destination_port_ranges": [],
                "direction": "Inbound",
                "name": "deny-internet",
                "priority": 120,
                "protocol": "TCP",
                "source_address_prefix": "*",
                "source_address_prefixes": [],
                "source_application_security_group_ids": [],
                "source_port_range": "*",
                "source_port_ranges": []
              }
            ],
            "tags": {
              "label": "Terraform Demo-2021-01-18"
            },
            "timeouts": null
          },
          "sensitive_attributes": [],
          "private": "eyJlMmJmYjczMC1lY2FhLTExZTYtOGY4OC0zNDM2M2JjN2M0YzAiOnsiY3JlYXRlIjoxODAwMDAwMDAwMDAwLCJkZWxldGUiOjE4MDAwMDAwMDAwMDAsInJlYWQiOjMwMDAwMDAwMDAwMCwidXBkYXRlIjoxODAwMDAwMDAwMDAwfX0=",
          "dependencies": [
            "azurerm_resource_group.uda_group"
          ]
        }
      ]
    },
    {
      "mode": "managed",
      "type": "azurerm_public_ip",
      "name": "uda_publicip",
      "provider": "provider[\"registry.terraform.io/hashicorp/azurerm\"]",
      "instances": [
        {
          "schema_version": 0,
          "attributes": {
            "allocation_method": "Static",
            "domain_name_label": null,
            "fqdn": null,
            "id": "/subscriptions/18de2cd0-94b8-49a0-b6fd-630d3765a8ee/resourceGroups/RG-2021-01-18/providers/Microsoft.Network/publicIPAddresses/publicIPforLB-2021-01-18",
            "idle_timeout_in_minutes": 4,
            "ip_address": "40.121.140.239",
            "ip_version": "IPv4",
            "location": "eastus",
            "name": "publicIPforLB-2021-01-18",
            "public_ip_prefix_id": null,
            "resource_group_name": "RG-2021-01-18",
            "reverse_fqdn": null,
            "sku": "Basic",
            "tags": {
              "label": "Terraform Demo-2021-01-18"
            },
            "timeouts": null,
            "zones": null
          },
          "sensitive_attributes": [],
          "private": "eyJlMmJmYjczMC1lY2FhLTExZTYtOGY4OC0zNDM2M2JjN2M0YzAiOnsiY3JlYXRlIjoxODAwMDAwMDAwMDAwLCJkZWxldGUiOjE4MDAwMDAwMDAwMDAsInJlYWQiOjMwMDAwMDAwMDAwMCwidXBkYXRlIjoxODAwMDAwMDAwMDAwfX0=",
          "dependencies": [
            "azurerm_resource_group.uda_group"
          ]
        }
      ]
    },
    {
      "mode": "managed",
      "type": "azurerm_resource_group",
      "name": "uda_group",
      "provider": "provider[\"registry.terraform.io/hashicorp/azurerm\"]",
      "instances": [
        {
          "schema_version": 0,
          "attributes": {
            "id": "/subscriptions/18de2cd0-94b8-49a0-b6fd-630d3765a8ee/resourceGroups/RG-2021-01-18",
            "location": "eastus",
            "name": "RG-2021-01-18",
            "tags": {
              "label": "Terraform Demo-2021-01-18"
            },
            "timeouts": null
          },
          "sensitive_attributes": [],
          "private": "eyJlMmJmYjczMC1lY2FhLTExZTYtOGY4OC0zNDM2M2JjN2M0YzAiOnsiY3JlYXRlIjo1NDAwMDAwMDAwMDAwLCJkZWxldGUiOjU0MDAwMDAwMDAwMDAsInJlYWQiOjMwMDAwMDAwMDAwMCwidXBkYXRlIjo1NDAwMDAwMDAwMDAwfX0="
        }
      ]
    },
    {
      "mode": "managed",
      "type": "azurerm_subnet",
      "name": "uda_subnet",
      "provider": "provider[\"registry.terraform.io/hashicorp/azurerm\"]",
      "instances": [
        {
          "schema_version": 0,
          "attributes": {
            "address_prefix": "10.0.0.0/24",
            "address_prefixes": [
              "10.0.0.0/24"
            ],
            "delegation": [],
            "enforce_private_link_endpoint_network_policies": false,
            "enforce_private_link_service_network_policies": false,
            "id": "/subscriptions/18de2cd0-94b8-49a0-b6fd-630d3765a8ee/resourceGroups/RG-2021-01-18/providers/Microsoft.Network/virtualNetworks/vnet-2021-01-18/subnets/subnet-2021-01-18",
            "name": "subnet-2021-01-18",
            "resource_group_name": "RG-2021-01-18",
            "service_endpoint_policy_ids": null,
            "service_endpoints": null,
            "timeouts": null,
            "virtual_network_name": "vnet-2021-01-18"
          },
          "sensitive_attributes": [],
          "private": "eyJlMmJmYjczMC1lY2FhLTExZTYtOGY4OC0zNDM2M2JjN2M0YzAiOnsiY3JlYXRlIjoxODAwMDAwMDAwMDAwLCJkZWxldGUiOjE4MDAwMDAwMDAwMDAsInJlYWQiOjMwMDAwMDAwMDAwMCwidXBkYXRlIjoxODAwMDAwMDAwMDAwfX0=",
          "dependencies": [
            "azurerm_resource_group.uda_group",
            "azurerm_virtual_network.uda_network"
          ]
        }
      ]
    },
    {
      "mode": "managed",
      "type": "azurerm_virtual_machine",
      "name": "uda_vm",
      "provider": "provider[\"registry.terraform.io/hashicorp/azurerm\"]",
      "instances": [
        {
          "index_key": 0,
          "schema_version": 0,
          "attributes": {
            "additional_capabilities": [],
            "availability_set_id": "/subscriptions/18de2cd0-94b8-49a0-b6fd-630d3765a8ee/resourcegroups/rg-2021-01-18/providers/microsoft.compute/availabilitysets/avset-2021-01-18",
            "boot_diagnostics": [],
            "delete_data_disks_on_termination": false,
            "delete_os_disk_on_termination": false,
            "id": "/subscriptions/18de2cd0-94b8-49a0-b6fd-630d3765a8ee/resourceGroups/RG-2021-01-18/providers/Microsoft.Compute/virtualMachines/acctvm-2021-01-18-0",
            "identity": [],
            "license_type": null,
            "location": "eastus",
            "name": "acctvm-2021-01-18-0",
            "network_interface_ids": [
              "/subscriptions/18de2cd0-94b8-49a0-b6fd-630d3765a8ee/resourceGroups/RG-2021-01-18/providers/Microsoft.Network/networkInterfaces/myNIC-2021-01-18-0"
            ],
            "os_profile": [
              {
                "admin_password": "",
                "admin_username": "bamuse",
                "computer_name": "DHDIAHDAWDGLASD-2021-01-18-0",
                "custom_data": ""
              }
            ],
            "os_profile_linux_config": [
              {
                "disable_password_authentication": false,
                "ssh_keys": []
              }
            ],
            "os_profile_secrets": [],
            "os_profile_windows_config": [],
            "plan": [],
            "primary_network_interface_id": null,
            "proximity_placement_group_id": null,
            "resource_group_name": "RG-2021-01-18",
            "storage_data_disk": [
              {
                "caching": "None",
                "create_option": "Attach",
                "disk_size_gb": 1,
                "lun": 1,
                "managed_disk_id": "/subscriptions/18de2cd0-94b8-49a0-b6fd-630d3765a8ee/resourceGroups/RG-2021-01-18/providers/Microsoft.Compute/disks/datadisk_existing-2021-01-18-0",
                "managed_disk_type": "Standard_LRS",
                "name": "datadisk_existing-2021-01-18-0",
                "vhd_uri": "",
                "write_accelerator_enabled": false
              }
            ],
            "storage_image_reference": [
              {
                "id": "/subscriptions/18de2cd0-94b8-49a0-b6fd-630d3765a8ee/resourceGroups/uda1/providers/Microsoft.Compute/images/PackerImage",
                "offer": "",
                "publisher": "",
                "sku": "",
                "version": ""
              }
            ],
            "storage_os_disk": [
              {
                "caching": "ReadWrite",
                "create_option": "FromImage",
                "disk_size_gb": 30,
                "image_uri": "",
                "managed_disk_id": "/subscriptions/18de2cd0-94b8-49a0-b6fd-630d3765a8ee/resourceGroups/RG-2021-01-18/providers/Microsoft.Compute/disks/myosdisk0",
                "managed_disk_type": "Standard_LRS",
                "name": "myosdisk0",
                "os_type": "Linux",
                "vhd_uri": "",
                "write_accelerator_enabled": false
              }
            ],
            "tags": {
              "label": "Terraform Demo-2021-01-18"
            },
            "timeouts": null,
            "vm_size": "Standard_DS1_v2",
            "zones": null
          },
          "sensitive_attributes": [],
          "private": "eyJlMmJmYjczMC1lY2FhLTExZTYtOGY4OC0zNDM2M2JjN2M0YzAiOnsiY3JlYXRlIjozNjAwMDAwMDAwMDAwLCJkZWxldGUiOjM2MDAwMDAwMDAwMDAsInJlYWQiOjMwMDAwMDAwMDAwMCwidXBkYXRlIjozNjAwMDAwMDAwMDAwfX0=",
          "dependencies": [
            "azurerm_availability_set.uda_avaset",
            "azurerm_managed_disk.uda_disk",
            "azurerm_network_interface.uda_netIF",
            "azurerm_resource_group.uda_group",
            "azurerm_subnet.uda_subnet",
            "azurerm_virtual_network.uda_network",
            "data.azurerm_image.image"
          ]
        },
        {
          "index_key": 1,
          "schema_version": 0,
          "attributes": {
            "additional_capabilities": [],
            "availability_set_id": "/subscriptions/18de2cd0-94b8-49a0-b6fd-630d3765a8ee/resourcegroups/rg-2021-01-18/providers/microsoft.compute/availabilitysets/avset-2021-01-18",
            "boot_diagnostics": [],
            "delete_data_disks_on_termination": false,
            "delete_os_disk_on_termination": false,
            "id": "/subscriptions/18de2cd0-94b8-49a0-b6fd-630d3765a8ee/resourceGroups/RG-2021-01-18/providers/Microsoft.Compute/virtualMachines/acctvm-2021-01-18-1",
            "identity": [],
            "license_type": null,
            "location": "eastus",
            "name": "acctvm-2021-01-18-1",
            "network_interface_ids": [
              "/subscriptions/18de2cd0-94b8-49a0-b6fd-630d3765a8ee/resourceGroups/RG-2021-01-18/providers/Microsoft.Network/networkInterfaces/myNIC-2021-01-18-1"
            ],
            "os_profile": [
              {
                "admin_password": "",
                "admin_username": "bamuse",
                "computer_name": "DHDIAHDAWDGLASD-2021-01-18-1",
                "custom_data": ""
              }
            ],
            "os_profile_linux_config": [
              {
                "disable_password_authentication": false,
                "ssh_keys": []
              }
            ],
            "os_profile_secrets": [],
            "os_profile_windows_config": [],
            "plan": [],
            "primary_network_interface_id": null,
            "proximity_placement_group_id": null,
            "resource_group_name": "RG-2021-01-18",
            "storage_data_disk": [
              {
                "caching": "None",
                "create_option": "Attach",
                "disk_size_gb": 1,
                "lun": 1,
                "managed_disk_id": "/subscriptions/18de2cd0-94b8-49a0-b6fd-630d3765a8ee/resourceGroups/RG-2021-01-18/providers/Microsoft.Compute/disks/datadisk_existing-2021-01-18-1",
                "managed_disk_type": "Standard_LRS",
                "name": "datadisk_existing-2021-01-18-1",
                "vhd_uri": "",
                "write_accelerator_enabled": false
              }
            ],
            "storage_image_reference": [
              {
                "id": "/subscriptions/18de2cd0-94b8-49a0-b6fd-630d3765a8ee/resourceGroups/uda1/providers/Microsoft.Compute/images/PackerImage",
                "offer": "",
                "publisher": "",
                "sku": "",
                "version": ""
              }
            ],
            "storage_os_disk": [
              {
                "caching": "ReadWrite",
                "create_option": "FromImage",
                "disk_size_gb": 30,
                "image_uri": "",
                "managed_disk_id": "/subscriptions/18de2cd0-94b8-49a0-b6fd-630d3765a8ee/resourceGroups/RG-2021-01-18/providers/Microsoft.Compute/disks/myosdisk1",
                "managed_disk_type": "Standard_LRS",
                "name": "myosdisk1",
                "os_type": "Linux",
                "vhd_uri": "",
                "write_accelerator_enabled": false
              }
            ],
            "tags": {
              "label": "Terraform Demo-2021-01-18"
            },
            "timeouts": null,
            "vm_size": "Standard_DS1_v2",
            "zones": null
          },
          "sensitive_attributes": [],
          "private": "eyJlMmJmYjczMC1lY2FhLTExZTYtOGY4OC0zNDM2M2JjN2M0YzAiOnsiY3JlYXRlIjozNjAwMDAwMDAwMDAwLCJkZWxldGUiOjM2MDAwMDAwMDAwMDAsInJlYWQiOjMwMDAwMDAwMDAwMCwidXBkYXRlIjozNjAwMDAwMDAwMDAwfX0=",
          "dependencies": [
            "azurerm_availability_set.uda_avaset",
            "azurerm_managed_disk.uda_disk",
            "azurerm_network_interface.uda_netIF",
            "azurerm_resource_group.uda_group",
            "azurerm_subnet.uda_subnet",
            "azurerm_virtual_network.uda_network",
            "data.azurerm_image.image"
          ]
        }
      ]
    },
    {
      "mode": "managed",
      "type": "azurerm_virtual_network",
      "name": "uda_network",
      "provider": "provider[\"registry.terraform.io/hashicorp/azurerm\"]",
      "instances": [
        {
          "schema_version": 0,
          "attributes": {
            "address_space": [
              "10.0.0.0/16"
            ],
            "bgp_community": "",
            "ddos_protection_plan": [],
            "dns_servers": null,
            "guid": "0d31fb5c-167f-4a90-842e-3eeed93bd10a",
            "id": "/subscriptions/18de2cd0-94b8-49a0-b6fd-630d3765a8ee/resourceGroups/RG-2021-01-18/providers/Microsoft.Network/virtualNetworks/vnet-2021-01-18",
            "location": "eastus",
            "name": "vnet-2021-01-18",
            "resource_group_name": "RG-2021-01-18",
            "subnet": [],
            "tags": {
              "label": "Terraform Demo-2021-01-18"
            },
            "timeouts": null,
            "vm_protection_enabled": false
          },
          "sensitive_attributes": [],
          "private": "eyJlMmJmYjczMC1lY2FhLTExZTYtOGY4OC0zNDM2M2JjN2M0YzAiOnsiY3JlYXRlIjoxODAwMDAwMDAwMDAwLCJkZWxldGUiOjE4MDAwMDAwMDAwMDAsInJlYWQiOjMwMDAwMDAwMDAwMCwidXBkYXRlIjoxODAwMDAwMDAwMDAwfX0=",
          "dependencies": [
            "azurerm_resource_group.uda_group"
          ]
        }
      ]
    }
  ]
}
